# THIS IS AN AUTOGENERATED FILE. DO NOT EDIT THIS FILE DIRECTLY.
# yarn lockfile v1


typescript@^3.2.2:
  version "3.2.2"
  resolved "https://registry.yarnpkg.com/typescript/-/typescript-3.2.2.tgz#fe8101c46aa123f8353523ebdcf5730c2ae493e5"
  integrity sha512-VCj5UiSyHBjwfYacmDuc/NOk4QQixbE+Wn7MFJuS0nRuPQbof132Pw4u53dm264O8LPc2MVsc7RJNml5szurkg==

vue@^2.5.20:
  version "2.5.20"
  resolved "https://registry.yarnpkg.com/vue/-/vue-2.5.20.tgz#79fff9ccaa10cc37e7a7239b4c7adfac94df81ba"
  integrity sha512-kVLZi8RWOk8qwAt+a0bVDy9VV5Zzcnj0fLCMyKLx1dmEBjqmYJYRWHvPwiypiJBtJkdmROy5NP5hyDqTdfBcvQ==
